
Microsoft Visual Studio Solution File, Format Version 12.00
# Visual Studio Version 17
VisualStudioVersion = 17.4.33122.133
MinimumVisualStudioVersion = 10.0.40219.1
Project("{9A19103F-16F7-4668-BE54-9A1E7A4F7556}") = "WebAPI", "WebAPI.csproj", "{6CEA3B8F-F187-4314-BDD4-C8CD0A89EA47}"
EndProject
Global
	GlobalSection(SolutionConfigurationPlatforms) = preSolution
		Debug|Any CPU = Debug|Any CPU
		Release|Any CPU = Release|Any CPU
	EndGlobalSection
	GlobalSection(ProjectConfigurationPlatforms) = postSolution
		{6CEA3B8F-F187-4314-BDD4-C8CD0A89EA47}.Debug|Any CPU.ActiveCfg = Debug|Any CPU
		{6CEA3B8F-F187-4314-BDD4-C8CD0A89EA47}.Debug|Any CPU.Build.0 = Debug|Any CPU
		{6CEA3B8F-F187-4314-BDD4-C8CD0A89EA47}.Release|Any CPU.ActiveCfg = Release|Any CPU
		{6CEA3B8F-F187-4314-BDD4-C8CD0A89EA47}.Release|Any CPU.Build.0 = Release|Any CPU
	EndGlobalSection
	GlobalSection(SolutionProperties) = preSolution
		HideSolutionNode = FALSE
	EndGlobalSection
	GlobalSection(ExtensibilityGlobals) = postSolution
		SolutionGuid = {87054B68-1986-4654-BE53-748F35CEBDDC}
	EndGlobalSection
EndGlobal
